// !$*UTF8*$!
{
	archiveVersion = 1;
	classes = {
	};
	objectVersion = 50;
	objects = {

/* Begin PBXBuildFile section */
		94CBCD2621EF6ED50018CA52 /* AppDelegate.m in Sources */ = {isa = PBXBuildFile; fileRef = 94CBCD2521EF6ED50018CA52 /* AppDelegate.m */; };
		94CBCD2E21EF6ED70018CA52 /* Assets.xcassets in Resources */ = {isa = PBXBuildFile; fileRef = 94CBCD2D21EF6ED70018CA52 /* Assets.xcassets */; };
		94CBCD3121EF6ED70018CA52 /* LaunchScreen.storyboard in Resources */ = {isa = PBXBuildFile; fileRef = 94CBCD2F21EF6ED70018CA52 /* LaunchScreen.storyboard */; };
		94CBCD3421EF6ED70018CA52 /* main.m in Sources */ = {isa = PBXBuildFile; fileRef = 94CBCD3321EF6ED70018CA52 /* main.m */; };
		94CBCD3D21EF70F80018CA52 /* opencv2.framework in Frameworks */ = {isa = PBXBuildFile; fileRef = 94CBCD3C21EF70F80018CA52 /* opencv2.framework */; };
		94CBCD4121EF77890018CA52 /* CameraViewController.mm in Sources */ = {isa = PBXBuildFile; fileRef = 94CBCD4021EF77890018CA52 /* CameraViewController.mm */; };
		94CBCD4721EF7CD40018CA52 /* Accelerate.framework in Frameworks */ = {isa = PBXBuildFile; fileRef = 94CBCD4621EF7CD40018CA52 /* Accelerate.framework */; };
		94CBCD4921EF7CDB0018CA52 /* AssetsLibrary.framework in Frameworks */ = {isa = PBXBuildFile; fileRef = 94CBCD4821EF7CDB0018CA52 /* AssetsLibrary.framework */; };
		94CBCD4B21EF7CE20018CA52 /* AVFoundation.framework in Frameworks */ = {isa = PBXBuildFile; fileRef = 94CBCD4A21EF7CE20018CA52 /* AVFoundation.framework */; };
		94CBCD4D21EF7CEA0018CA52 /* CoreGraphics.framework in Frameworks */ = {isa = PBXBuildFile; fileRef = 94CBCD4C21EF7CEA0018CA52 /* CoreGraphics.framework */; };
		94CBCD4F21EF7CF40018CA52 /* CoreImage.framework in Frameworks */ = {isa = PBXBuildFile; fileRef = 94CBCD4E21EF7CF40018CA52 /* CoreImage.framework */; };
		94CBCD5121EF7CF90018CA52 /* CoreMedia.framework in Frameworks */ = {isa = PBXBuildFile; fileRef = 94CBCD5021EF7CF90018CA52 /* CoreMedia.framework */; };
		94CBCD5321EF7D040018CA52 /* CoreVideo.framework in Frameworks */ = {isa = PBXBuildFile; fileRef = 94CBCD5221EF7D040018CA52 /* CoreVideo.framework */; };
		94CBCD5521EF7D0B0018CA52 /* QuartzCore.framework in Frameworks */ = {isa = PBXBuildFile; fileRef = 94CBCD5421EF7D0B0018CA52 /* QuartzCore.framework */; };
		94CBCD5721EF7D120018CA52 /* UIKit.framework in Frameworks */ = {isa = PBXBuildFile; fileRef = 94CBCD5621EF7D120018CA52 /* UIKit.framework */; };
		94CBCD5921EF7D170018CA52 /* Foundation.framework in Frameworks */ = {isa = PBXBuildFile; fileRef = 94CBCD5821EF7D170018CA52 /* Foundation.framework */; };
/* End PBXBuildFile section */

/* Begin PBXFileReference section */
		94CBCD2121EF6ED50018CA52 /* FeatureDetection.app */ = {isa = PBXFileReference; explicitFileType = wrapper.application; includeInIndex = 0; path = FeatureDetection.app; sourceTree = BUILT_PRODUCTS_DIR; };
		94CBCD2421EF6ED50018CA52 /* AppDelegate.h */ = {isa = PBXFileReference; lastKnownFileType = sourcecode.c.h; path = AppDelegate.h; sourceTree = "<group>"; };
		94CBCD2521EF6ED50018CA52 /* AppDelegate.m */ = {isa = PBXFileReference; lastKnownFileType = sourcecode.c.objc; path = AppDelegate.m; sourceTree = "<group>"; };
		94CBCD2D21EF6ED70018CA52 /* Assets.xcassets */ = {isa = PBXFileReference; lastKnownFileType = folder.assetcatalog; path = Assets.xcassets; sourceTree = "<group>"; };
		94CBCD3021EF6ED70018CA52 /* Base */ = {isa = PBXFileReference; lastKnownFileType = file.storyboard; name = Base; path = Base.lproj/LaunchScreen.storyboard; sourceTree = "<group>"; };
		94CBCD3221EF6ED70018CA52 /* Info.plist */ = {isa = PBXFileReference; lastKnownFileType = text.plist.xml; path = Info.plist; sourceTree = "<group>"; };
		94CBCD3321EF6ED70018CA52 /* main.m */ = {isa = PBXFileReference; lastKnownFileType = sourcecode.c.objc; path = main.m; sourceTree = "<group>"; };
		94CBCD3C21EF70F80018CA52 /* opencv2.framework */ = {isa = PBXFileReference; lastKnownFileType = wrapper.framework; path = opencv2.framework; sourceTree = "<group>"; };
		94CBCD3F21EF77890018CA52 /* CameraViewController.h */ = {isa = PBXFileReference; lastKnownFileType = sourcecode.c.h; path = CameraViewController.h; sourceTree = "<group>"; };
		94CBCD4021EF77890018CA52 /* CameraViewController.mm */ = {isa = PBXFileReference; lastKnownFileType = sourcecode.cpp.objcpp; path = CameraViewController.mm; sourceTree = "<group>"; };
		94CBCD4621EF7CD40018CA52 /* Accelerate.framework */ = {isa = PBXFileReference; lastKnownFileType = wrapper.framework; name = Accelerate.framework; path = System/Library/Frameworks/Accelerate.framework; sourceTree = SDKROOT; };
		94CBCD4821EF7CDB0018CA52 /* AssetsLibrary.framework */ = {isa = PBXFileReference; lastKnownFileType = wrapper.framework; name = AssetsLibrary.framework; path = System/Library/Frameworks/AssetsLibrary.framework; sourceTree = SDKROOT; };
		94CBCD4A21EF7CE20018CA52 /* AVFoundation.framework */ = {isa = PBXFileReference; lastKnownFileType = wrapper.framework; name = AVFoundation.framework; path = System/Library/Frameworks/AVFoundation.framework; sourceTree = SDKROOT; };
		94CBCD4C21EF7CEA0018CA52 /* CoreGraphics.framework */ = {isa = PBXFileReference; lastKnownFileType = wrapper.framework; name = CoreGraphics.framework; path = System/Library/Frameworks/CoreGraphics.framework; sourceTree = SDKROOT; };
		94CBCD4E21EF7CF40018CA52 /* CoreImage.framework */ = {isa = PBXFileReference; lastKnownFileType = wrapper.framework; name = CoreImage.framework; path = System/Library/Frameworks/CoreImage.framework; sourceTree = SDKROOT; };
		94CBCD5021EF7CF90018CA52 /* CoreMedia.framework */ = {isa = PBXFileReference; lastKnownFileType = wrapper.framework; name = CoreMedia.framework; path = System/Library/Frameworks/CoreMedia.framework; sourceTree = SDKROOT; };
		94CBCD5221EF7D040018CA52 /* CoreVideo.framework */ = {isa = PBXFileReference; lastKnownFileType = wrapper.framework; name = CoreVideo.framework; path = System/Library/Frameworks/CoreVideo.framework; sourceTree = SDKROOT; };
		94CBCD5421EF7D0B0018CA52 /* QuartzCore.framework */ = {isa = PBXFileReference; lastKnownFileType = wrapper.framework; name = QuartzCore.framework; path = System/Library/Frameworks/QuartzCore.framework; sourceTree = SDKROOT; };
		94CBCD5621EF7D120018CA52 /* UIKit.framework */ = {isa = PBXFileReference; lastKnownFileType = wrapper.framework; name = UIKit.framework; path = System/Library/Frameworks/UIKit.framework; sourceTree = SDKROOT; };
		94CBCD5821EF7D170018CA52 /* Foundation.framework */ = {isa = PBXFileReference; lastKnownFileType = wrapper.framework; name = Foundation.framework; path = System/Library/Frameworks/Foundation.framework; sourceTree = SDKROOT; };
/* End PBXFileReference section */

/* Begin PBXFrameworksBuildPhase section */
		94CBCD1E21EF6ED50018CA52 /* Frameworks */ = {
			isa = PBXFrameworksBuildPhase;
			buildActionMask = 2147483647;
			files = (
				94CBCD5921EF7D170018CA52 /* Foundation.framework in Frameworks */,
				94CBCD5721EF7D120018CA52 /* UIKit.framework in Frameworks */,
				94CBCD5521EF7D0B0018CA52 /* QuartzCore.framework in Frameworks */,
				94CBCD5321EF7D040018CA52 /* CoreVideo.framework in Frameworks */,
				94CBCD5121EF7CF90018CA52 /* CoreMedia.framework in Frameworks */,
				94CBCD4F21EF7CF40018CA52 /* CoreImage.framework in Frameworks */,
				94CBCD4D21EF7CEA0018CA52 /* CoreGraphics.framework in Frameworks */,
				94CBCD4B21EF7CE20018CA52 /* AVFoundation.framework in Frameworks */,
				94CBCD4921EF7CDB0018CA52 /* AssetsLibrary.framework in Frameworks */,
				94CBCD4721EF7CD40018CA52 /* Accelerate.framework in Frameworks */,
				94CBCD3D21EF70F80018CA52 /* opencv2.framework in Frameworks */,
			);
			runOnlyForDeploymentPostprocessing = 0;
		};
/* End PBXFrameworksBuildPhase section */

/* Begin PBXGroup section */
		94CBCD1821EF6ED50018CA52 = {
			isa = PBXGroup;
			children = (
				94CBCD2321EF6ED50018CA52 /* FeatureDetection */,
				94CBCD3A21EF709E0018CA52 /* Frameworks */,
				94CBCD2221EF6ED50018CA52 /* Products */,
			);
			sourceTree = "<group>";
		};
		94CBCD2221EF6ED50018CA52 /* Products */ = {
			isa = PBXGroup;
			children = (
				94CBCD2121EF6ED50018CA52 /* FeatureDetection.app */,
			);
			name = Products;
			sourceTree = "<group>";
		};
		94CBCD2321EF6ED50018CA52 /* FeatureDetection */ = {
			isa = PBXGroup;
			children = (
				94CBCD4421EF78E30018CA52 /* Systems */,
				94CBCD3E21EF77650018CA52 /* Camera */,
				94CBCD4221EF78660018CA52 /* Resources */,
				94CBCD4521EF795C0018CA52 /* Supporting Files */,
			);
			path = FeatureDetection;
			sourceTree = "<group>";
		};
		94CBCD3A21EF709E0018CA52 /* Frameworks */ = {
			isa = PBXGroup;
			children = (
				94CBCD5821EF7D170018CA52 /* Foundation.framework */,
				94CBCD5621EF7D120018CA52 /* UIKit.framework */,
				94CBCD5421EF7D0B0018CA52 /* QuartzCore.framework */,
				94CBCD5221EF7D040018CA52 /* CoreVideo.framework */,
				94CBCD5021EF7CF90018CA52 /* CoreMedia.framework */,
				94CBCD4E21EF7CF40018CA52 /* CoreImage.framework */,
				94CBCD4C21EF7CEA0018CA52 /* CoreGraphics.framework */,
				94CBCD4A21EF7CE20018CA52 /* AVFoundation.framework */,
				94CBCD4821EF7CDB0018CA52 /* AssetsLibrary.framework */,
				94CBCD4621EF7CD40018CA52 /* Accelerate.framework */,
				94CBCD3C21EF70F80018CA52 /* opencv2.framework */,
			);
			path = Frameworks;
			sourceTree = "<group>";
		};
		94CBCD3E21EF77650018CA52 /* Camera */ = {
			isa = PBXGroup;
			children = (
				94CBCD3F21EF77890018CA52 /* CameraViewController.h */,
				94CBCD4021EF77890018CA52 /* CameraViewController.mm */,
			);
			path = Camera;
			sourceTree = "<group>";
		};
		94CBCD4221EF78660018CA52 /* Resources */ = {
			isa = PBXGroup;
			children = (
				94CBCD2D21EF6ED70018CA52 /* Assets.xcassets */,
				94CBCD2F21EF6ED70018CA52 /* LaunchScreen.storyboard */,
			);
			path = Resources;
			sourceTree = "<group>";
		};
		94CBCD4421EF78E30018CA52 /* Systems */ = {
			isa = PBXGroup;
			children = (
				94CBCD2421EF6ED50018CA52 /* AppDelegate.h */,
				94CBCD2521EF6ED50018CA52 /* AppDelegate.m */,
			);
			path = Systems;
			sourceTree = "<group>";
		};
		94CBCD4521EF795C0018CA52 /* Supporting Files */ = {
			isa = PBXGroup;
			children = (
				94CBCD3221EF6ED70018CA52 /* Info.plist */,
				94CBCD3321EF6ED70018CA52 /* main.m */,
			);
			path = "Supporting Files";
			sourceTree = "<group>";
		};
/* End PBXGroup section */

/* Begin PBXNativeTarget section */
		94CBCD2021EF6ED50018CA52 /* FeatureDetection */ = {
			isa = PBXNativeTarget;
			buildConfigurationList = 94CBCD3721EF6ED70018CA52 /* Build configuration list for PBXNativeTarget "FeatureDetection" */;
			buildPhases = (
				94CBCD1D21EF6ED50018CA52 /* Sources */,
				94CBCD1E21EF6ED50018CA52 /* Frameworks */,
				94CBCD1F21EF6ED50018CA52 /* Resources */,
			);
			buildRules = (
			);
			dependencies = (
			);
			name = FeatureDetection;
			productName = FeatureDetection;
			productReference = 94CBCD2121EF6ED50018CA52 /* FeatureDetection.app */;
			productType = "com.apple.product-type.application";
		};
/* End PBXNativeTarget section */

/* Begin PBXProject section */
		94CBCD1921EF6ED50018CA52 /* Project object */ = {
			isa = PBXProject;
			attributes = {
				LastUpgradeCheck = 1010;
				ORGANIZATIONNAME = trungduc;
				TargetAttributes = {
					94CBCD2021EF6ED50018CA52 = {
						CreatedOnToolsVersion = 10.1;
					};
				};
			};
			buildConfigurationList = 94CBCD1C21EF6ED50018CA52 /* Build configuration list for PBXProject "FeatureDetection" */;
			compatibilityVersion = "Xcode 9.3";
			developmentRegion = en;
			hasScannedForEncodings = 0;
			knownRegions = (
				en,
				Base,
			);
			mainGroup = 94CBCD1821EF6ED50018CA52;
			productRefGroup = 94CBCD2221EF6ED50018CA52 /* Products */;
			projectDirPath = "";
			projectRoot = "";
			targets = (
				94CBCD2021EF6ED50018CA52 /* FeatureDetection */,
			);
		};
/* End PBXProject section */

/* Begin PBXResourcesBuildPhase section */
		94CBCD1F21EF6ED50018CA52 /* Resources */ = {
			isa = PBXResourcesBuildPhase;
			buildActionMask = 2147483647;
			files = (
				94CBCD3121EF6ED70018CA52 /* LaunchScreen.storyboard in Resources */,
				94CBCD2E21EF6ED70018CA52 /* Assets.xcassets in Resources */,
			);
			runOnlyForDeploymentPostprocessing = 0;
		};
/* End PBXResourcesBuildPhase section */

/* Begin PBXSourcesBuildPhase section */
		94CBCD1D21EF6ED50018CA52 /* Sources */ = {
			isa = PBXSourcesBuildPhase;
			buildActionMask = 2147483647;
			files = (
				94CBCD4121EF77890018CA52 /* CameraViewController.mm in Sources */,
				94CBCD3421EF6ED70018CA52 /* main.m in Sources */,
				94CBCD2621EF6ED50018CA52 /* AppDelegate.m in Sources */,
			);
			runOnlyForDeploymentPostprocessing = 0;
		};
/* End PBXSourcesBuildPhase section */

/* Begin PBXVariantGroup section */
		94CBCD2F21EF6ED70018CA52 /* LaunchScreen.storyboard */ = {
			isa = PBXVariantGroup;
			children = (
				94CBCD3021EF6ED70018CA52 /* Base */,
			);
			name = LaunchScreen.storyboard;
			sourceTree = "<group>";
		};
/* End PBXVariantGroup section */

/* Begin XCBuildConfiguration section */
		94CBCD3521EF6ED70018CA52 /* Debug */ = {
			isa = XCBuildConfiguration;
			buildSettings = {
				ALWAYS_SEARCH_USER_PATHS = NO;
				CLANG_ANALYZER_NONNULL = YES;
				CLANG_ANALYZER_NUMBER_OBJECT_CONVERSION = YES_AGGRESSIVE;
				CLANG_CXX_LANGUAGE_STANDARD = "gnu++14";
				CLANG_CXX_LIBRARY = "libc++";
				CLANG_ENABLE_MODULES = YES;
				CLANG_ENABLE_OBJC_ARC = YES;
				CLANG_ENABLE_OBJC_WEAK = YES;
				CLANG_WARN_BLOCK_CAPTURE_AUTORELEASING = YES;
				CLANG_WARN_BOOL_CONVERSION = YES;
				CLANG_WARN_COMMA = YES;
				CLANG_WARN_CONSTANT_CONVERSION = YES;
				CLANG_WARN_DEPRECATED_OBJC_IMPLEMENTATIONS = YES;
				CLANG_WARN_DIRECT_OBJC_ISA_USAGE = YES_ERROR;
				CLANG_WARN_DOCUMENTATION_COMMENTS = YES;
				CLANG_WARN_EMPTY_BODY = YES;
				CLANG_WARN_ENUM_CONVERSION = YES;
				CLANG_WARN_INFINITE_RECURSION = YES;
				CLANG_WARN_INT_CONVERSION = YES;
				CLANG_WARN_NON_LITERAL_NULL_CONVERSION = YES;
				CLANG_WARN_OBJC_IMPLICIT_RETAIN_SELF = YES;
				CLANG_WARN_OBJC_LITERAL_CONVERSION = YES;
				CLANG_WARN_OBJC_ROOT_CLASS = YES_ERROR;
				CLANG_WARN_RANGE_LOOP_ANALYSIS = YES;
				CLANG_WARN_STRICT_PROTOTYPES = YES;
				CLANG_WARN_SUSPICIOUS_MOVE = YES;
				CLANG_WARN_UNGUARDED_AVAILABILITY = YES_AGGRESSIVE;
				CLANG_WARN_UNREACHABLE_CODE = YES;
				CLANG_WARN__DUPLICATE_METHOD_MATCH = YES;
				CODE_SIGN_IDENTITY = "iPhone Developer";
				COPY_PHASE_STRIP = NO;
				DEBUG_INFORMATION_FORMAT = dwarf;
				ENABLE_STRICT_OBJC_MSGSEND = YES;
				ENABLE_TESTABILITY = YES;
				GCC_C_LANGUAGE_STANDARD = gnu11;
				GCC_DYNAMIC_NO_PIC = NO;
				GCC_NO_COMMON_BLOCKS = YES;
				GCC_OPTIMIZATION_LEVEL = 0;
				GCC_PREPROCESSOR_DEFINITIONS = (
					"DEBUG=1",
					"$(inherited)",
				);
				GCC_WARN_64_TO_32_BIT_CONVERSION = YES;
				GCC_WARN_ABOUT_RETURN_TYPE = YES_ERROR;
				GCC_WARN_UNDECLARED_SELECTOR = YES;
				GCC_WARN_UNINITIALIZED_AUTOS = YES_AGGRESSIVE;
				GCC_WARN_UNUSED_FUNCTION = YES;
				GCC_WARN_UNUSED_VARIABLE = YES;
				IPHONEOS_DEPLOYMENT_TARGET = 12.1;
				MTL_ENABLE_DEBUG_INFO = INCLUDE_SOURCE;
				MTL_FAST_MATH = YES;
				ONLY_ACTIVE_ARCH = YES;
				SDKROOT = iphoneos;
			};
			name = Debug;
		};
		94CBCD3621EF6ED70018CA52 /* Release */ = {
			isa = XCBuildConfiguration;
			buildSettings = {
				ALWAYS_SEARCH_USER_PATHS = NO;
				CLANG_ANALYZER_NONNULL = YES;
				CLANG_ANALYZER_NUMBER_OBJECT_CONVERSION = YES_AGGRESSIVE;
				CLANG_CXX_LANGUAGE_STANDARD = "gnu++14";
				CLANG_CXX_LIBRARY = "libc++";
				CLANG_ENABLE_MODULES = YES;
				CLANG_ENABLE_OBJC_ARC = YES;
				CLANG_ENABLE_OBJC_WEAK = YES;
				CLANG_WARN_BLOCK_CAPTURE_AUTORELEASING = YES;
				CLANG_WARN_BOOL_CONVERSION = YES;
				CLANG_WARN_COMMA = YES;
				CLANG_WARN_CONSTANT_CONVERSION = YES;
				CLANG_WARN_DEPRECATED_OBJC_IMPLEMENTATIONS = YES;
				CLANG_WARN_DIRECT_OBJC_ISA_USAGE = YES_ERROR;
				CLANG_WARN_DOCUMENTATION_COMMENTS = YES;
				CLANG_WARN_EMPTY_BODY = YES;
				CLANG_WARN_ENUM_CONVERSION = YES;
				CLANG_WARN_INFINITE_RECURSION = YES;
				CLANG_WARN_INT_CONVERSION = YES;
				CLANG_WARN_NON_LITERAL_NULL_CONVERSION = YES;
				CLANG_WARN_OBJC_IMPLICIT_RETAIN_SELF = YES;
				CLANG_WARN_OBJC_LITERAL_CONVERSION = YES;
				CLANG_WARN_OBJC_ROOT_CLASS = YES_ERROR;
				CLANG_WARN_RANGE_LOOP_ANALYSIS = YES;
				CLANG_WARN_STRICT_PROTOTYPES = YES;
				CLANG_WARN_SUSPICIOUS_MOVE = YES;
				CLANG_WARN_UNGUARDED_AVAILABILITY = YES_AGGRESSIVE;
				CLANG_WARN_UNREACHABLE_CODE = YES;
				CLANG_WARN__DUPLICATE_METHOD_MATCH = YES;
				CODE_SIGN_IDENTITY = "iPhone Developer";
				COPY_PHASE_STRIP = NO;
				DEBUG_INFORMATION_FORMAT = "dwarf-with-dsym";
				ENABLE_NS_ASSERTIONS = NO;
				ENABLE_STRICT_OBJC_MSGSEND = YES;
				GCC_C_LANGUAGE_STANDARD = gnu11;
				GCC_NO_COMMON_BLOCKS = YES;
				GCC_WARN_64_TO_32_BIT_CONVERSION = YES;
				GCC_WARN_ABOUT_RETURN_TYPE = YES_ERROR;
				GCC_WARN_UNDECLARED_SELECTOR = YES;
				GCC_WARN_UNINITIALIZED_AUTOS = YES_AGGRESSIVE;
				GCC_WARN_UNUSED_FUNCTION = YES;
				GCC_WARN_UNUSED_VARIABLE = YES;
				IPHONEOS_DEPLOYMENT_TARGET = 12.1;
				MTL_ENABLE_DEBUG_INFO = NO;
				MTL_FAST_MATH = YES;
				SDKROOT = iphoneos;
				VALIDATE_PRODUCT = YES;
			};
			name = Release;
		};
		94CBCD3821EF6ED70018CA52 /* Debug */ = {
			isa = XCBuildConfiguration;
			buildSettings = {
				ASSETCATALOG_COMPILER_APPICON_NAME = AppIcon;
				CODE_SIGN_STYLE = Automatic;
				DEVELOPMENT_TEAM = 2K6HRD32X5;
				FRAMEWORK_SEARCH_PATHS = (
					"$(inherited)",
					"$(PROJECT_DIR)/Frameworks",
				);
				IBSC_FLATTEN_NIBS = YES;
				INFOPLIST_FILE = "FeatureDetection/Supporting Files/Info.plist";
				IPHONEOS_DEPLOYMENT_TARGET = 10.0;
				LD_RUNPATH_SEARCH_PATHS = (
					"$(inherited)",
					"@executable_path/Frameworks",
				);
				PRODUCT_BUNDLE_IDENTIFIER = com.trungduc.featuredetection;
				PRODUCT_NAME = "$(TARGET_NAME)";
				TARGETED_DEVICE_FAMILY = "1,2";
			};
			name = Debug;
		};
		94CBCD3921EF6ED70018CA52 /* Release */ = {
			isa = XCBuildConfiguration;
			buildSettings = {
				ASSETCATALOG_COMPILER_APPICON_NAME = AppIcon;
				CODE_SIGN_STYLE = Automatic;
				DEVELOPMENT_TEAM = 2K6HRD32X5;
				FRAMEWORK_SEARCH_PATHS = (
					"$(inherited)",
					"$(PROJECT_DIR)/Frameworks",
				);
				IBSC_FLATTEN_NIBS = YES;
				INFOPLIST_FILE = "FeatureDetection/Supporting Files/Info.plist";
				IPHONEOS_DEPLOYMENT_TARGET = 10.0;
				LD_RUNPATH_SEARCH_PATHS = (
					"$(inherited)",
					"@executable_path/Frameworks",
				);
				PRODUCT_BUNDLE_IDENTIFIER = com.trungduc.featuredetection;
				PRODUCT_NAME = "$(TARGET_NAME)";
				TARGETED_DEVICE_FAMILY = "1,2";
			};
			name = Release;
		};
/* End XCBuildConfiguration section */

/* Begin XCConfigurationList section */
		94CBCD1C21EF6ED50018CA52 /* Build configuration list for PBXProject "FeatureDetection" */ = {
			isa = XCConfigurationList;
			buildConfigurations = (
				94CBCD3521EF6ED70018CA52 /* Debug */,
				94CBCD3621EF6ED70018CA52 /* Release */,
			);
			defaultConfigurationIsVisible = 0;
			defaultConfigurationName = Release;
		};
		94CBCD3721EF6ED70018CA52 /* Build configuration list for PBXNativeTarget "FeatureDetection" */ = {
			isa = XCConfigurationList;
			buildConfigurations = (
				94CBCD3821EF6ED70018CA52 /* Debug */,
				94CBCD3921EF6ED70018CA52 /* Release */,
			);
			defaultConfigurationIsVisible = 0;
			defaultConfigurationName = Release;
		};
/* End XCConfigurationList section */
	};
	rootObject = 94CBCD1921EF6ED50018CA52 /* Project object */;
}
